// !$*UTF8*$!
{
	archiveVersion = 1;
	classes = {
	};
	objectVersion = 46;
	objects = {

/* Begin PBXBuildFile section */
		07682F9E194E8DE0001B99D4 /* OpenCL.framework in Frameworks */ = {isa = PBXBuildFile; fileRef = 07682F9D194E8DE0001B99D4 /* OpenCL.framework */; };
		07682F9F194E8DE7001B99D4 /* OpenGL.framework in Frameworks */ = {isa = PBXBuildFile; fileRef = 07682F9B194E8DC7001B99D4 /* OpenGL.framework */; };
		076832AD194EF05B001B99D4 /* libx264.a in Frameworks */ = {isa = PBXBuildFile; fileRef = 076832AC194EF05B001B99D4 /* libx264.a */; };
		076832EF194EF1AA001B99D4 /* x264Manager.m in Sources */ = {isa = PBXBuildFile; fileRef = 076832EE194EF1AA001B99D4 /* x264Manager.m */; };
		076832F1194EF277001B99D4 /* CoreMedia.framework in Frameworks */ = {isa = PBXBuildFile; fileRef = 076832F0194EF277001B99D4 /* CoreMedia.framework */; };
		0768337E194EF3FB001B99D4 /* .gitignore in Resources */ = {isa = PBXBuildFile; fileRef = 076832F3194EF3FB001B99D4 /* .gitignore */; };
		0768337F194EF3FB001B99D4 /* AUTHORS in Resources */ = {isa = PBXBuildFile; fileRef = 076832F4194EF3FB001B99D4 /* AUTHORS */; };
		076833A2194EF3FB001B99D4 /* config.guess in Resources */ = {isa = PBXBuildFile; fileRef = 07683341194EF3FB001B99D4 /* config.guess */; };
		076833A3194EF3FB001B99D4 /* config.sub in Resources */ = {isa = PBXBuildFile; fileRef = 07683342194EF3FB001B99D4 /* config.sub */; };
		076833A4194EF3FB001B99D4 /* configure in Resources */ = {isa = PBXBuildFile; fileRef = 07683343194EF3FB001B99D4 /* configure */; };
		076833A5194EF3FB001B99D4 /* COPYING in Resources */ = {isa = PBXBuildFile; fileRef = 07683344194EF3FB001B99D4 /* COPYING */; };
		076833A6194EF3FB001B99D4 /* ratecontrol.txt in Resources */ = {isa = PBXBuildFile; fileRef = 07683346194EF3FB001B99D4 /* ratecontrol.txt */; };
		076833A7194EF3FB001B99D4 /* regression_test.txt in Resources */ = {isa = PBXBuildFile; fileRef = 07683347194EF3FB001B99D4 /* regression_test.txt */; };
		076833A8194EF3FB001B99D4 /* standards.txt in Resources */ = {isa = PBXBuildFile; fileRef = 07683348194EF3FB001B99D4 /* standards.txt */; };
		076833A9194EF3FB001B99D4 /* threads.txt in Resources */ = {isa = PBXBuildFile; fileRef = 07683349194EF3FB001B99D4 /* threads.txt */; };
		076833AA194EF3FB001B99D4 /* vui.txt in Resources */ = {isa = PBXBuildFile; fileRef = 0768334A194EF3FB001B99D4 /* vui.txt */; };
		076833AC194EF3FB001B99D4 /* Makefile in Sources */ = {isa = PBXBuildFile; fileRef = 07683364194EF3FB001B99D4 /* Makefile */; };
		076833B0194EF3FB001B99D4 /* __init__.py in Resources */ = {isa = PBXBuildFile; fileRef = 0768336E194EF3FB001B99D4 /* __init__.py */; };
		076833B1194EF3FB001B99D4 /* cli.py in Resources */ = {isa = PBXBuildFile; fileRef = 0768336F194EF3FB001B99D4 /* cli.py */; };
		076833B2194EF3FB001B99D4 /* comparers.py in Resources */ = {isa = PBXBuildFile; fileRef = 07683370194EF3FB001B99D4 /* comparers.py */; };
		076833B3194EF3FB001B99D4 /* constants.py in Resources */ = {isa = PBXBuildFile; fileRef = 07683371194EF3FB001B99D4 /* constants.py */; };
		076833B4194EF3FB001B99D4 /* errors.py in Resources */ = {isa = PBXBuildFile; fileRef = 07683372194EF3FB001B99D4 /* errors.py */; };
		076833B5194EF3FB001B99D4 /* __init__.py in Resources */ = {isa = PBXBuildFile; fileRef = 07683374194EF3FB001B99D4 /* __init__.py */; };
		076833B6194EF3FB001B99D4 /* dummy.py in Resources */ = {isa = PBXBuildFile; fileRef = 07683375194EF3FB001B99D4 /* dummy.py */; };
		076833B7194EF3FB001B99D4 /* git.py in Resources */ = {isa = PBXBuildFile; fileRef = 07683376194EF3FB001B99D4 /* git.py */; };
		076833B8194EF3FB001B99D4 /* testing.py in Resources */ = {isa = PBXBuildFile; fileRef = 07683377194EF3FB001B99D4 /* testing.py */; };
		076833B9194EF3FB001B99D4 /* q_matrix_jvt.cfg in Resources */ = {isa = PBXBuildFile; fileRef = 07683378194EF3FB001B99D4 /* q_matrix_jvt.cfg */; };
		076833BA194EF3FB001B99D4 /* test_x264.py in Resources */ = {isa = PBXBuildFile; fileRef = 07683379194EF3FB001B99D4 /* test_x264.py */; };
		076833BB194EF3FB001B99D4 /* version.sh in Resources */ = {isa = PBXBuildFile; fileRef = 0768337A194EF3FB001B99D4 /* version.sh */; };
		076833BC194EF3FB001B99D4 /* x264res.rc in Resources */ = {isa = PBXBuildFile; fileRef = 0768337D194EF3FB001B99D4 /* x264res.rc */; };
		AF70327013BE5F9C006BAEFF /* Cocoa.framework in Frameworks */ = {isa = PBXBuildFile; fileRef = AF70326F13BE5F9C006BAEFF /* Cocoa.framework */; };
		AF70327A13BE5F9C006BAEFF /* InfoPlist.strings in Resources */ = {isa = PBXBuildFile; fileRef = AF70327813BE5F9C006BAEFF /* InfoPlist.strings */; };
		AF70327C13BE5F9C006BAEFF /* main.m in Sources */ = {isa = PBXBuildFile; fileRef = AF70327B13BE5F9C006BAEFF /* main.m */; };
		AF70328013BE5F9C006BAEFF /* Credits.rtf in Resources */ = {isa = PBXBuildFile; fileRef = AF70327E13BE5F9C006BAEFF /* Credits.rtf */; };
		AF70328313BE5F9C006BAEFF /* ScreenSnapshotAppDelegate.m in Sources */ = {isa = PBXBuildFile; fileRef = AF70328213BE5F9C006BAEFF /* ScreenSnapshotAppDelegate.m */; };
		AF70328613BE5F9C006BAEFF /* MainMenu.xib in Resources */ = {isa = PBXBuildFile; fileRef = AF70328413BE5F9C006BAEFF /* MainMenu.xib */; };
		AF70329113BE6842006BAEFF /* ApplicationServices.framework in Frameworks */ = {isa = PBXBuildFile; fileRef = AF70329013BE6842006BAEFF /* ApplicationServices.framework */; };
		AFA93DC913BF8FBF00F7F31F /* IOKit.framework in Frameworks */ = {isa = PBXBuildFile; fileRef = AFA93DC813BF8FBF00F7F31F /* IOKit.framework */; };
/* End PBXBuildFile section */

/* Begin PBXFileReference section */
		07682F9B194E8DC7001B99D4 /* OpenGL.framework */ = {isa = PBXFileReference; lastKnownFileType = wrapper.framework; name = OpenGL.framework; path = System/Library/Frameworks/OpenGL.framework; sourceTree = SDKROOT; };
		07682F9D194E8DE0001B99D4 /* OpenCL.framework */ = {isa = PBXFileReference; lastKnownFileType = wrapper.framework; name = OpenCL.framework; path = System/Library/Frameworks/OpenCL.framework; sourceTree = SDKROOT; };
		076832AC194EF05B001B99D4 /* libx264.a */ = {isa = PBXFileReference; lastKnownFileType = archive.ar; path = libx264.a; sourceTree = "<group>"; };
		076832ED194EF1AA001B99D4 /* x264Manager.h */ = {isa = PBXFileReference; fileEncoding = 4; lastKnownFileType = sourcecode.c.h; path = x264Manager.h; sourceTree = "<group>"; };
		076832EE194EF1AA001B99D4 /* x264Manager.m */ = {isa = PBXFileReference; fileEncoding = 4; lastKnownFileType = sourcecode.c.objc; path = x264Manager.m; sourceTree = "<group>"; };
		076832F0194EF277001B99D4 /* CoreMedia.framework */ = {isa = PBXFileReference; lastKnownFileType = wrapper.framework; name = CoreMedia.framework; path = System/Library/Frameworks/CoreMedia.framework; sourceTree = SDKROOT; };
		076832F3194EF3FB001B99D4 /* .gitignore */ = {isa = PBXFileReference; fileEncoding = 4; lastKnownFileType = text; path = .gitignore; sourceTree = "<group>"; };
		076832F4194EF3FB001B99D4 /* AUTHORS */ = {isa = PBXFileReference; fileEncoding = 4; lastKnownFileType = text; path = AUTHORS; sourceTree = "<group>"; };
		076832FA194EF3FB001B99D4 /* dct.h */ = {isa = PBXFileReference; fileEncoding = 4; lastKnownFileType = sourcecode.c.h; path = dct.h; sourceTree = "<group>"; };
		076832FD194EF3FB001B99D4 /* mc.h */ = {isa = PBXFileReference; fileEncoding = 4; lastKnownFileType = sourcecode.c.h; path = mc.h; sourceTree = "<group>"; };
		076832FF194EF3FB001B99D4 /* pixel.h */ = {isa = PBXFileReference; fileEncoding = 4; lastKnownFileType = sourcecode.c.h; path = pixel.h; sourceTree = "<group>"; };
		07683301194EF3FB001B99D4 /* predict.h */ = {isa = PBXFileReference; fileEncoding = 4; lastKnownFileType = sourcecode.c.h; path = predict.h; sourceTree = "<group>"; };
		07683303194EF3FB001B99D4 /* quant.h */ = {isa = PBXFileReference; fileEncoding = 4; lastKnownFileType = sourcecode.c.h; path = quant.h; sourceTree = "<group>"; };
		07683304194EF3FB001B99D4 /* bitstream.h */ = {isa = PBXFileReference; fileEncoding = 4; lastKnownFileType = sourcecode.c.h; path = bitstream.h; sourceTree = "<group>"; };
		07683305194EF3FB001B99D4 /* cabac.h */ = {isa = PBXFileReference; fileEncoding = 4; lastKnownFileType = sourcecode.c.h; path = cabac.h; sourceTree = "<group>"; };
		07683306194EF3FB001B99D4 /* common.h */ = {isa = PBXFileReference; fileEncoding = 4; lastKnownFileType = sourcecode.c.h; path = common.h; sourceTree = "<group>"; };
		07683307194EF3FB001B99D4 /* cpu.h */ = {isa = PBXFileReference; fileEncoding = 4; lastKnownFileType = sourcecode.c.h; path = cpu.h; sourceTree = "<group>"; };
		07683308194EF3FB001B99D4 /* dct.h */ = {isa = PBXFileReference; fileEncoding = 4; lastKnownFileType = sourcecode.c.h; path = dct.h; sourceTree = "<group>"; };
		07683309194EF3FB001B99D4 /* frame.h */ = {isa = PBXFileReference; fileEncoding = 4; lastKnownFileType = sourcecode.c.h; path = frame.h; sourceTree = "<group>"; };
		0768330A194EF3FB001B99D4 /* macroblock.h */ = {isa = PBXFileReference; fileEncoding = 4; lastKnownFileType = sourcecode.c.h; path = macroblock.h; sourceTree = "<group>"; };
		0768330B194EF3FB001B99D4 /* mc.h */ = {isa = PBXFileReference; fileEncoding = 4; lastKnownFileType = sourcecode.c.h; path = mc.h; sourceTree = "<group>"; };
		07683313194EF3FB001B99D4 /* x264-cl.h */ = {isa = PBXFileReference; fileEncoding = 4; lastKnownFileType = sourcecode.c.h; path = "x264-cl.h"; sourceTree = "<group>"; };
		07683314194EF3FB001B99D4 /* opencl.h */ = {isa = PBXFileReference; fileEncoding = 4; lastKnownFileType = sourcecode.c.h; path = opencl.h; sourceTree = "<group>"; };
		07683315194EF3FB001B99D4 /* osdep.h */ = {isa = PBXFileReference; fileEncoding = 4; lastKnownFileType = sourcecode.c.h; path = osdep.h; sourceTree = "<group>"; };
		07683316194EF3FB001B99D4 /* pixel.h */ = {isa = PBXFileReference; fileEncoding = 4; lastKnownFileType = sourcecode.c.h; path = pixel.h; sourceTree = "<group>"; };
		07683318194EF3FB001B99D4 /* dct.h */ = {isa = PBXFileReference; fileEncoding = 4; lastKnownFileType = sourcecode.c.h; path = dct.h; sourceTree = "<group>"; };
		07683319194EF3FB001B99D4 /* mc.h */ = {isa = PBXFileReference; fileEncoding = 4; lastKnownFileType = sourcecode.c.h; path = mc.h; sourceTree = "<group>"; };
		0768331A194EF3FB001B99D4 /* pixel.h */ = {isa = PBXFileReference; fileEncoding = 4; lastKnownFileType = sourcecode.c.h; path = pixel.h; sourceTree = "<group>"; };
		0768331B194EF3FB001B99D4 /* ppccommon.h */ = {isa = PBXFileReference; fileEncoding = 4; lastKnownFileType = sourcecode.c.h; path = ppccommon.h; sourceTree = "<group>"; };
		0768331C194EF3FB001B99D4 /* predict.h */ = {isa = PBXFileReference; fileEncoding = 4; lastKnownFileType = sourcecode.c.h; path = predict.h; sourceTree = "<group>"; };
		0768331D194EF3FB001B99D4 /* quant.h */ = {isa = PBXFileReference; fileEncoding = 4; lastKnownFileType = sourcecode.c.h; path = quant.h; sourceTree = "<group>"; };
		0768331E194EF3FB001B99D4 /* predict.h */ = {isa = PBXFileReference; fileEncoding = 4; lastKnownFileType = sourcecode.c.h; path = predict.h; sourceTree = "<group>"; };
		0768331F194EF3FB001B99D4 /* quant.h */ = {isa = PBXFileReference; fileEncoding = 4; lastKnownFileType = sourcecode.c.h; path = quant.h; sourceTree = "<group>"; };
		07683320194EF3FB001B99D4 /* rectangle.h */ = {isa = PBXFileReference; fileEncoding = 4; lastKnownFileType = sourcecode.c.h; path = rectangle.h; sourceTree = "<group>"; };
		07683321194EF3FB001B99D4 /* set.h */ = {isa = PBXFileReference; fileEncoding = 4; lastKnownFileType = sourcecode.c.h; path = set.h; sourceTree = "<group>"; };
		07683324194EF3FB001B99D4 /* pixel.h */ = {isa = PBXFileReference; fileEncoding = 4; lastKnownFileType = sourcecode.c.h; path = pixel.h; sourceTree = "<group>"; };
		07683325194EF3FB001B99D4 /* threadpool.h */ = {isa = PBXFileReference; fileEncoding = 4; lastKnownFileType = sourcecode.c.h; path = threadpool.h; sourceTree = "<group>"; };
		07683326194EF3FB001B99D4 /* win32thread.h */ = {isa = PBXFileReference; fileEncoding = 4; lastKnownFileType = sourcecode.c.h; path = win32thread.h; sourceTree = "<group>"; };
		0768332F194EF3FB001B99D4 /* dct.h */ = {isa = PBXFileReference; fileEncoding = 4; lastKnownFileType = sourcecode.c.h; path = dct.h; sourceTree = "<group>"; };
		07683333194EF3FB001B99D4 /* mc.h */ = {isa = PBXFileReference; fileEncoding = 4; lastKnownFileType = sourcecode.c.h; path = mc.h; sourceTree = "<group>"; };
		07683336194EF3FB001B99D4 /* pixel.h */ = {isa = PBXFileReference; fileEncoding = 4; lastKnownFileType = sourcecode.c.h; path = pixel.h; sourceTree = "<group>"; };
		07683338194EF3FB001B99D4 /* predict.h */ = {isa = PBXFileReference; fileEncoding = 4; lastKnownFileType = sourcecode.c.h; path = predict.h; sourceTree = "<group>"; };
		0768333A194EF3FB001B99D4 /* quant.h */ = {isa = PBXFileReference; fileEncoding = 4; lastKnownFileType = sourcecode.c.h; path = quant.h; sourceTree = "<group>"; };
		0768333E194EF3FB001B99D4 /* util.h */ = {isa = PBXFileReference; fileEncoding = 4; lastKnownFileType = sourcecode.c.h; path = util.h; sourceTree = "<group>"; };
		07683341194EF3FB001B99D4 /* config.guess */ = {isa = PBXFileReference; fileEncoding = 4; lastKnownFileType = text.script.sh; path = config.guess; sourceTree = "<group>"; };
		07683342194EF3FB001B99D4 /* config.sub */ = {isa = PBXFileReference; fileEncoding = 4; lastKnownFileType = text.script.sh; path = config.sub; sourceTree = "<group>"; };
		07683343194EF3FB001B99D4 /* configure */ = {isa = PBXFileReference; fileEncoding = 4; lastKnownFileType = text.script.sh; path = configure; sourceTree = "<group>"; };
		07683344194EF3FB001B99D4 /* COPYING */ = {isa = PBXFileReference; fileEncoding = 4; lastKnownFileType = text; path = COPYING; sourceTree = "<group>"; };
		07683346194EF3FB001B99D4 /* ratecontrol.txt */ = {isa = PBXFileReference; fileEncoding = 4; lastKnownFileType = text; path = ratecontrol.txt; sourceTree = "<group>"; };
		07683347194EF3FB001B99D4 /* regression_test.txt */ = {isa = PBXFileReference; fileEncoding = 4; lastKnownFileType = text; path = regression_test.txt; sourceTree = "<group>"; };
		07683348194EF3FB001B99D4 /* standards.txt */ = {isa = PBXFileReference; fileEncoding = 4; lastKnownFileType = text; path = standards.txt; sourceTree = "<group>"; };
		07683349194EF3FB001B99D4 /* threads.txt */ = {isa = PBXFileReference; fileEncoding = 4; lastKnownFileType = text; path = threads.txt; sourceTree = "<group>"; };
		0768334A194EF3FB001B99D4 /* vui.txt */ = {isa = PBXFileReference; fileEncoding = 4; lastKnownFileType = text; path = vui.txt; sourceTree = "<group>"; };
		0768334C194EF3FB001B99D4 /* analyse.h */ = {isa = PBXFileReference; fileEncoding = 4; lastKnownFileType = sourcecode.c.h; path = analyse.h; sourceTree = "<group>"; };
		0768334D194EF3FB001B99D4 /* macroblock.h */ = {isa = PBXFileReference; fileEncoding = 4; lastKnownFileType = sourcecode.c.h; path = macroblock.h; sourceTree = "<group>"; };
		0768334E194EF3FB001B99D4 /* me.h */ = {isa = PBXFileReference; fileEncoding = 4; lastKnownFileType = sourcecode.c.h; path = me.h; sourceTree = "<group>"; };
		0768334F194EF3FB001B99D4 /* ratecontrol.h */ = {isa = PBXFileReference; fileEncoding = 4; lastKnownFileType = sourcecode.c.h; path = ratecontrol.h; sourceTree = "<group>"; };
		07683350194EF3FB001B99D4 /* set.h */ = {isa = PBXFileReference; fileEncoding = 4; lastKnownFileType = sourcecode.c.h; path = set.h; sourceTree = "<group>"; };
		07683352194EF3FB001B99D4 /* avisynth_c.h */ = {isa = PBXFileReference; fileEncoding = 4; lastKnownFileType = sourcecode.c.h; path = avisynth_c.h; sourceTree = "<group>"; };
		07683353194EF3FB001B99D4 /* avxsynth_c.h */ = {isa = PBXFileReference; fileEncoding = 4; lastKnownFileType = sourcecode.c.h; path = avxsynth_c.h; sourceTree = "<group>"; };
		07683354194EF3FB001B99D4 /* cl.h */ = {isa = PBXFileReference; fileEncoding = 4; lastKnownFileType = sourcecode.c.h; path = cl.h; sourceTree = "<group>"; };
		07683355194EF3FB001B99D4 /* cl_platform.h */ = {isa = PBXFileReference; fileEncoding = 4; lastKnownFileType = sourcecode.c.h; path = cl_platform.h; sourceTree = "<group>"; };
		07683357194EF3FB001B99D4 /* getopt.h */ = {isa = PBXFileReference; fileEncoding = 4; lastKnownFileType = sourcecode.c.h; path = getopt.h; sourceTree = "<group>"; };
		07683358194EF3FB001B99D4 /* inttypes.h */ = {isa = PBXFileReference; fileEncoding = 4; lastKnownFileType = sourcecode.c.h; path = inttypes.h; sourceTree = "<group>"; };
		07683359194EF3FB001B99D4 /* stdint.h */ = {isa = PBXFileReference; fileEncoding = 4; lastKnownFileType = sourcecode.c.h; path = stdint.h; sourceTree = "<group>"; };
		0768335B194EF3FB001B99D4 /* basicDataTypeConversions.h */ = {isa = PBXFileReference; fileEncoding = 4; lastKnownFileType = sourcecode.c.h; path = basicDataTypeConversions.h; sourceTree = "<group>"; };
		0768335C194EF3FB001B99D4 /* windows2linux.h */ = {isa = PBXFileReference; fileEncoding = 4; lastKnownFileType = sourcecode.c.h; path = windows2linux.h; sourceTree = "<group>"; };
		0768335E194EF3FB001B99D4 /* filters.h */ = {isa = PBXFileReference; fileEncoding = 4; lastKnownFileType = sourcecode.c.h; path = filters.h; sourceTree = "<group>"; };
		07683360194EF3FB001B99D4 /* internal.h */ = {isa = PBXFileReference; fileEncoding = 4; lastKnownFileType = sourcecode.c.h; path = internal.h; sourceTree = "<group>"; };
		07683361194EF3FB001B99D4 /* video.h */ = {isa = PBXFileReference; fileEncoding = 4; lastKnownFileType = sourcecode.c.h; path = video.h; sourceTree = "<group>"; };
		07683363194EF3FB001B99D4 /* input.h */ = {isa = PBXFileReference; fileEncoding = 4; lastKnownFileType = sourcecode.c.h; path = input.h; sourceTree = "<group>"; };
		07683364194EF3FB001B99D4 /* Makefile */ = {isa = PBXFileReference; fileEncoding = 4; lastKnownFileType = sourcecode.make; path = Makefile; sourceTree = "<group>"; };
		07683366194EF3FB001B99D4 /* flv_bytestream.h */ = {isa = PBXFileReference; fileEncoding = 4; lastKnownFileType = sourcecode.c.h; path = flv_bytestream.h; sourceTree = "<group>"; };
		07683367194EF3FB001B99D4 /* matroska_ebml.h */ = {isa = PBXFileReference; fileEncoding = 4; lastKnownFileType = sourcecode.c.h; path = matroska_ebml.h; sourceTree = "<group>"; };
		07683368194EF3FB001B99D4 /* output.h */ = {isa = PBXFileReference; fileEncoding = 4; lastKnownFileType = sourcecode.c.h; path = output.h; sourceTree = "<group>"; };
		0768336E194EF3FB001B99D4 /* __init__.py */ = {isa = PBXFileReference; fileEncoding = 4; lastKnownFileType = text.script.python; path = __init__.py; sourceTree = "<group>"; };
		0768336F194EF3FB001B99D4 /* cli.py */ = {isa = PBXFileReference; fileEncoding = 4; lastKnownFileType = text.script.python; path = cli.py; sourceTree = "<group>"; };
		07683370194EF3FB001B99D4 /* comparers.py */ = {isa = PBXFileReference; fileEncoding = 4; lastKnownFileType = text.script.python; path = comparers.py; sourceTree = "<group>"; };
		07683371194EF3FB001B99D4 /* constants.py */ = {isa = PBXFileReference; fileEncoding = 4; lastKnownFileType = text.script.python; path = constants.py; sourceTree = "<group>"; };
		07683372194EF3FB001B99D4 /* errors.py */ = {isa = PBXFileReference; fileEncoding = 4; lastKnownFileType = text.script.python; path = errors.py; sourceTree = "<group>"; };
		07683374194EF3FB001B99D4 /* __init__.py */ = {isa = PBXFileReference; fileEncoding = 4; lastKnownFileType = text.script.python; path = __init__.py; sourceTree = "<group>"; };
		07683375194EF3FB001B99D4 /* dummy.py */ = {isa = PBXFileReference; fileEncoding = 4; lastKnownFileType = text.script.python; path = dummy.py; sourceTree = "<group>"; };
		07683376194EF3FB001B99D4 /* git.py */ = {isa = PBXFileReference; fileEncoding = 4; lastKnownFileType = text.script.python; path = git.py; sourceTree = "<group>"; };
		07683377194EF3FB001B99D4 /* testing.py */ = {isa = PBXFileReference; fileEncoding = 4; lastKnownFileType = text.script.python; path = testing.py; sourceTree = "<group>"; };
		07683378194EF3FB001B99D4 /* q_matrix_jvt.cfg */ = {isa = PBXFileReference; fileEncoding = 4; lastKnownFileType = text; path = q_matrix_jvt.cfg; sourceTree = "<group>"; };
		07683379194EF3FB001B99D4 /* test_x264.py */ = {isa = PBXFileReference; fileEncoding = 4; lastKnownFileType = text.script.python; path = test_x264.py; sourceTree = "<group>"; };
		0768337A194EF3FB001B99D4 /* version.sh */ = {isa = PBXFileReference; fileEncoding = 4; lastKnownFileType = text.script.sh; path = version.sh; sourceTree = "<group>"; };
		0768337B194EF3FB001B99D4 /* x264.h */ = {isa = PBXFileReference; fileEncoding = 4; lastKnownFileType = sourcecode.c.h; path = x264.h; sourceTree = "<group>"; };
		0768337C194EF3FB001B99D4 /* x264cli.h */ = {isa = PBXFileReference; fileEncoding = 4; lastKnownFileType = sourcecode.c.h; path = x264cli.h; sourceTree = "<group>"; };
		0768337D194EF3FB001B99D4 /* x264res.rc */ = {isa = PBXFileReference; fileEncoding = 4; lastKnownFileType = text; path = x264res.rc; sourceTree = "<group>"; };
		076833BD194EF5AB001B99D4 /* x264_config.h */ = {isa = PBXFileReference; fileEncoding = 4; lastKnownFileType = sourcecode.c.h; path = x264_config.h; sourceTree = "<group>"; };
		076833BE194EF5EB001B99D4 /* config.h */ = {isa = PBXFileReference; fileEncoding = 4; lastKnownFileType = sourcecode.c.h; path = config.h; sourceTree = "<group>"; };
		AF70326B13BE5F9C006BAEFF /* ScreenSnapshot.app */ = {isa = PBXFileReference; explicitFileType = wrapper.application; includeInIndex = 0; path = ScreenSnapshot.app; sourceTree = BUILT_PRODUCTS_DIR; };
		AF70326F13BE5F9C006BAEFF /* Cocoa.framework */ = {isa = PBXFileReference; lastKnownFileType = wrapper.framework; name = Cocoa.framework; path = System/Library/Frameworks/Cocoa.framework; sourceTree = SDKROOT; };
		AF70327213BE5F9C006BAEFF /* AppKit.framework */ = {isa = PBXFileReference; lastKnownFileType = wrapper.framework; name = AppKit.framework; path = System/Library/Frameworks/AppKit.framework; sourceTree = SDKROOT; };
		AF70327313BE5F9C006BAEFF /* CoreData.framework */ = {isa = PBXFileReference; lastKnownFileType = wrapper.framework; name = CoreData.framework; path = System/Library/Frameworks/CoreData.framework; sourceTree = SDKROOT; };
		AF70327413BE5F9C006BAEFF /* Foundation.framework */ = {isa = PBXFileReference; lastKnownFileType = wrapper.framework; name = Foundation.framework; path = System/Library/Frameworks/Foundation.framework; sourceTree = SDKROOT; };
		AF70327713BE5F9C006BAEFF /* ScreenSnapshot-Info.plist */ = {isa = PBXFileReference; lastKnownFileType = text.plist.xml; path = "ScreenSnapshot-Info.plist"; sourceTree = "<group>"; };
		AF70327913BE5F9C006BAEFF /* en */ = {isa = PBXFileReference; lastKnownFileType = text.plist.strings; name = en; path = en.lproj/InfoPlist.strings; sourceTree = "<group>"; };
		AF70327B13BE5F9C006BAEFF /* main.m */ = {isa = PBXFileReference; lastKnownFileType = sourcecode.c.objc; path = main.m; sourceTree = "<group>"; };
		AF70327D13BE5F9C006BAEFF /* ScreenSnapshot-Prefix.pch */ = {isa = PBXFileReference; lastKnownFileType = sourcecode.c.h; path = "ScreenSnapshot-Prefix.pch"; sourceTree = "<group>"; };
		AF70327F13BE5F9C006BAEFF /* en */ = {isa = PBXFileReference; lastKnownFileType = text.rtf; name = en; path = en.lproj/Credits.rtf; sourceTree = "<group>"; };
		AF70328113BE5F9C006BAEFF /* ScreenSnapshotAppDelegate.h */ = {isa = PBXFileReference; lastKnownFileType = sourcecode.c.h; path = ScreenSnapshotAppDelegate.h; sourceTree = "<group>"; };
		AF70328213BE5F9C006BAEFF /* ScreenSnapshotAppDelegate.m */ = {isa = PBXFileReference; lastKnownFileType = sourcecode.c.objc; path = ScreenSnapshotAppDelegate.m; sourceTree = "<group>"; };
		AF70328513BE5F9C006BAEFF /* en */ = {isa = PBXFileReference; lastKnownFileType = file.xib; name = en; path = en.lproj/MainMenu.xib; sourceTree = "<group>"; };
		AF70329013BE6842006BAEFF /* ApplicationServices.framework */ = {isa = PBXFileReference; lastKnownFileType = wrapper.framework; name = ApplicationServices.framework; path = System/Library/Frameworks/ApplicationServices.framework; sourceTree = SDKROOT; };
		AFA93DC813BF8FBF00F7F31F /* IOKit.framework */ = {isa = PBXFileReference; lastKnownFileType = wrapper.framework; name = IOKit.framework; path = System/Library/Frameworks/IOKit.framework; sourceTree = SDKROOT; };
/* End PBXFileReference section */

/* Begin PBXFrameworksBuildPhase section */
		AF70326813BE5F9C006BAEFF /* Frameworks */ = {
			isa = PBXFrameworksBuildPhase;
			buildActionMask = 2147483647;
			files = (
				076832F1194EF277001B99D4 /* CoreMedia.framework in Frameworks */,
				07682F9F194E8DE7001B99D4 /* OpenGL.framework in Frameworks */,
				07682F9E194E8DE0001B99D4 /* OpenCL.framework in Frameworks */,
				AF70327013BE5F9C006BAEFF /* Cocoa.framework in Frameworks */,
				AF70329113BE6842006BAEFF /* ApplicationServices.framework in Frameworks */,
				AFA93DC913BF8FBF00F7F31F /* IOKit.framework in Frameworks */,
				076832AD194EF05B001B99D4 /* libx264.a in Frameworks */,
			);
			runOnlyForDeploymentPostprocessing = 0;
		};
/* End PBXFrameworksBuildPhase section */

/* Begin PBXGroup section */
		076832F2194EF3FB001B99D4 /* x264 */ = {
			isa = PBXGroup;
			children = (
				076833BE194EF5EB001B99D4 /* config.h */,
				076833BD194EF5AB001B99D4 /* x264_config.h */,
				076832F3194EF3FB001B99D4 /* .gitignore */,
				076832F4194EF3FB001B99D4 /* AUTHORS */,
				076832F5194EF3FB001B99D4 /* common */,
				07683341194EF3FB001B99D4 /* config.guess */,
				07683342194EF3FB001B99D4 /* config.sub */,
				07683343194EF3FB001B99D4 /* configure */,
				07683344194EF3FB001B99D4 /* COPYING */,
				07683345194EF3FB001B99D4 /* doc */,
				0768334B194EF3FB001B99D4 /* encoder */,
				07683351194EF3FB001B99D4 /* extras */,
				0768335D194EF3FB001B99D4 /* filters */,
				07683362194EF3FB001B99D4 /* input */,
				07683364194EF3FB001B99D4 /* Makefile */,
				07683365194EF3FB001B99D4 /* output */,
				07683369194EF3FB001B99D4 /* tools */,
				0768337A194EF3FB001B99D4 /* version.sh */,
				0768337B194EF3FB001B99D4 /* x264.h */,
				0768337C194EF3FB001B99D4 /* x264cli.h */,
				0768337D194EF3FB001B99D4 /* x264res.rc */,
			);
			path = x264;
			sourceTree = "<group>";
		};
		076832F5194EF3FB001B99D4 /* common */ = {
			isa = PBXGroup;
			children = (
				076832F6194EF3FB001B99D4 /* arm */,
				07683304194EF3FB001B99D4 /* bitstream.h */,
				07683305194EF3FB001B99D4 /* cabac.h */,
				07683306194EF3FB001B99D4 /* common.h */,
				07683307194EF3FB001B99D4 /* cpu.h */,
				07683308194EF3FB001B99D4 /* dct.h */,
				07683309194EF3FB001B99D4 /* frame.h */,
				0768330A194EF3FB001B99D4 /* macroblock.h */,
				0768330B194EF3FB001B99D4 /* mc.h */,
				0768330C194EF3FB001B99D4 /* opencl */,
				07683314194EF3FB001B99D4 /* opencl.h */,
				07683315194EF3FB001B99D4 /* osdep.h */,
				07683316194EF3FB001B99D4 /* pixel.h */,
				07683317194EF3FB001B99D4 /* ppc */,
				0768331E194EF3FB001B99D4 /* predict.h */,
				0768331F194EF3FB001B99D4 /* quant.h */,
				07683320194EF3FB001B99D4 /* rectangle.h */,
				07683321194EF3FB001B99D4 /* set.h */,
				07683322194EF3FB001B99D4 /* sparc */,
				07683325194EF3FB001B99D4 /* threadpool.h */,
				07683326194EF3FB001B99D4 /* win32thread.h */,
				07683327194EF3FB001B99D4 /* x86 */,
			);
			path = common;
			sourceTree = "<group>";
		};
		076832F6194EF3FB001B99D4 /* arm */ = {
			isa = PBXGroup;
			children = (
				076832FA194EF3FB001B99D4 /* dct.h */,
				076832FD194EF3FB001B99D4 /* mc.h */,
				076832FF194EF3FB001B99D4 /* pixel.h */,
				07683301194EF3FB001B99D4 /* predict.h */,
				07683303194EF3FB001B99D4 /* quant.h */,
			);
			path = arm;
			sourceTree = "<group>";
		};
		0768330C194EF3FB001B99D4 /* opencl */ = {
			isa = PBXGroup;
			children = (
				07683313194EF3FB001B99D4 /* x264-cl.h */,
			);
			path = opencl;
			sourceTree = "<group>";
		};
		07683317194EF3FB001B99D4 /* ppc */ = {
			isa = PBXGroup;
			children = (
				07683318194EF3FB001B99D4 /* dct.h */,
				07683319194EF3FB001B99D4 /* mc.h */,
				0768331A194EF3FB001B99D4 /* pixel.h */,
				0768331B194EF3FB001B99D4 /* ppccommon.h */,
				0768331C194EF3FB001B99D4 /* predict.h */,
				0768331D194EF3FB001B99D4 /* quant.h */,
			);
			path = ppc;
			sourceTree = "<group>";
		};
		07683322194EF3FB001B99D4 /* sparc */ = {
			isa = PBXGroup;
			children = (
				07683324194EF3FB001B99D4 /* pixel.h */,
			);
			path = sparc;
			sourceTree = "<group>";
		};
		07683327194EF3FB001B99D4 /* x86 */ = {
			isa = PBXGroup;
			children = (
				0768332F194EF3FB001B99D4 /* dct.h */,
				07683333194EF3FB001B99D4 /* mc.h */,
				07683336194EF3FB001B99D4 /* pixel.h */,
				07683338194EF3FB001B99D4 /* predict.h */,
				0768333A194EF3FB001B99D4 /* quant.h */,
				0768333E194EF3FB001B99D4 /* util.h */,
			);
			path = x86;
			sourceTree = "<group>";
		};
		07683345194EF3FB001B99D4 /* doc */ = {
			isa = PBXGroup;
			children = (
				07683346194EF3FB001B99D4 /* ratecontrol.txt */,
				07683347194EF3FB001B99D4 /* regression_test.txt */,
				07683348194EF3FB001B99D4 /* standards.txt */,
				07683349194EF3FB001B99D4 /* threads.txt */,
				0768334A194EF3FB001B99D4 /* vui.txt */,
			);
			path = doc;
			sourceTree = "<group>";
		};
		0768334B194EF3FB001B99D4 /* encoder */ = {
			isa = PBXGroup;
			children = (
				0768334C194EF3FB001B99D4 /* analyse.h */,
				0768334D194EF3FB001B99D4 /* macroblock.h */,
				0768334E194EF3FB001B99D4 /* me.h */,
				0768334F194EF3FB001B99D4 /* ratecontrol.h */,
				07683350194EF3FB001B99D4 /* set.h */,
			);
			path = encoder;
			sourceTree = "<group>";
		};
		07683351194EF3FB001B99D4 /* extras */ = {
			isa = PBXGroup;
			children = (
				07683352194EF3FB001B99D4 /* avisynth_c.h */,
				07683353194EF3FB001B99D4 /* avxsynth_c.h */,
				07683354194EF3FB001B99D4 /* cl.h */,
				07683355194EF3FB001B99D4 /* cl_platform.h */,
				07683357194EF3FB001B99D4 /* getopt.h */,
				07683358194EF3FB001B99D4 /* inttypes.h */,
				07683359194EF3FB001B99D4 /* stdint.h */,
				0768335A194EF3FB001B99D4 /* windowsPorts */,
			);
			path = extras;
			sourceTree = "<group>";
		};
		0768335A194EF3FB001B99D4 /* windowsPorts */ = {
			isa = PBXGroup;
			children = (
				0768335B194EF3FB001B99D4 /* basicDataTypeConversions.h */,
				0768335C194EF3FB001B99D4 /* windows2linux.h */,
			);
			path = windowsPorts;
			sourceTree = "<group>";
		};
		0768335D194EF3FB001B99D4 /* filters */ = {
			isa = PBXGroup;
			children = (
				0768335E194EF3FB001B99D4 /* filters.h */,
				0768335F194EF3FB001B99D4 /* video */,
			);
			path = filters;
			sourceTree = "<group>";
		};
		0768335F194EF3FB001B99D4 /* video */ = {
			isa = PBXGroup;
			children = (
				07683360194EF3FB001B99D4 /* internal.h */,
				07683361194EF3FB001B99D4 /* video.h */,
			);
			path = video;
			sourceTree = "<group>";
		};
		07683362194EF3FB001B99D4 /* input */ = {
			isa = PBXGroup;
			children = (
				07683363194EF3FB001B99D4 /* input.h */,
			);
			path = input;
			sourceTree = "<group>";
		};
		07683365194EF3FB001B99D4 /* output */ = {
			isa = PBXGroup;
			children = (
				07683366194EF3FB001B99D4 /* flv_bytestream.h */,
				07683367194EF3FB001B99D4 /* matroska_ebml.h */,
				07683368194EF3FB001B99D4 /* output.h */,
			);
			path = output;
			sourceTree = "<group>";
		};
		07683369194EF3FB001B99D4 /* tools */ = {
			isa = PBXGroup;
			children = (
				0768336D194EF3FB001B99D4 /* digress */,
				07683378194EF3FB001B99D4 /* q_matrix_jvt.cfg */,
				07683379194EF3FB001B99D4 /* test_x264.py */,
			);
			path = tools;
			sourceTree = "<group>";
		};
		0768336D194EF3FB001B99D4 /* digress */ = {
			isa = PBXGroup;
			children = (
				0768336E194EF3FB001B99D4 /* __init__.py */,
				0768336F194EF3FB001B99D4 /* cli.py */,
				07683370194EF3FB001B99D4 /* comparers.py */,
				07683371194EF3FB001B99D4 /* constants.py */,
				07683372194EF3FB001B99D4 /* errors.py */,
				07683373194EF3FB001B99D4 /* scm */,
				07683377194EF3FB001B99D4 /* testing.py */,
			);
			path = digress;
			sourceTree = "<group>";
		};
		07683373194EF3FB001B99D4 /* scm */ = {
			isa = PBXGroup;
			children = (
				07683374194EF3FB001B99D4 /* __init__.py */,
				07683375194EF3FB001B99D4 /* dummy.py */,
				07683376194EF3FB001B99D4 /* git.py */,
			);
			path = scm;
			sourceTree = "<group>";
		};
		AF70326013BE5F9C006BAEFF = {
			isa = PBXGroup;
			children = (
				AF70327513BE5F9C006BAEFF /* ScreenSnapshot */,
				AF70326E13BE5F9C006BAEFF /* Frameworks */,
				AF70326C13BE5F9C006BAEFF /* Products */,
			);
			sourceTree = "<group>";
		};
		AF70326C13BE5F9C006BAEFF /* Products */ = {
			isa = PBXGroup;
			children = (
				AF70326B13BE5F9C006BAEFF /* ScreenSnapshot.app */,
			);
			name = Products;
			sourceTree = "<group>";
		};
		AF70326E13BE5F9C006BAEFF /* Frameworks */ = {
			isa = PBXGroup;
			children = (
				076832F0194EF277001B99D4 /* CoreMedia.framework */,
				07682F9D194E8DE0001B99D4 /* OpenCL.framework */,
				07682F9B194E8DC7001B99D4 /* OpenGL.framework */,
				AFA93DC813BF8FBF00F7F31F /* IOKit.framework */,
				AF70329013BE6842006BAEFF /* ApplicationServices.framework */,
				AF70326F13BE5F9C006BAEFF /* Cocoa.framework */,
				AF70327113BE5F9C006BAEFF /* Other Frameworks */,
			);
			name = Frameworks;
			sourceTree = "<group>";
		};
		AF70327113BE5F9C006BAEFF /* Other Frameworks */ = {
			isa = PBXGroup;
			children = (
				AF70327213BE5F9C006BAEFF /* AppKit.framework */,
				AF70327313BE5F9C006BAEFF /* CoreData.framework */,
				AF70327413BE5F9C006BAEFF /* Foundation.framework */,
			);
			name = "Other Frameworks";
			sourceTree = "<group>";
		};
		AF70327513BE5F9C006BAEFF /* ScreenSnapshot */ = {
			isa = PBXGroup;
			children = (
				AF70328113BE5F9C006BAEFF /* ScreenSnapshotAppDelegate.h */,
				AF70328413BE5F9C006BAEFF /* MainMenu.xib */,
				076832ED194EF1AA001B99D4 /* x264Manager.h */,
				076832EE194EF1AA001B99D4 /* x264Manager.m */,
				AF70327613BE5F9C006BAEFF /* Supporting Files */,
			);
			path = ScreenSnapshot;
			sourceTree = "<group>";
		};
		AF70327613BE5F9C006BAEFF /* Supporting Files */ = {
			isa = PBXGroup;
			children = (
				076832F2194EF3FB001B99D4 /* x264 */,
				AF70328213BE5F9C006BAEFF /* ScreenSnapshotAppDelegate.m */,
				076832AC194EF05B001B99D4 /* libx264.a */,
				AF70327713BE5F9C006BAEFF /* ScreenSnapshot-Info.plist */,
				AF70327813BE5F9C006BAEFF /* InfoPlist.strings */,
				AF70327B13BE5F9C006BAEFF /* main.m */,
				AF70327D13BE5F9C006BAEFF /* ScreenSnapshot-Prefix.pch */,
				AF70327E13BE5F9C006BAEFF /* Credits.rtf */,
			);
			name = "Supporting Files";
			sourceTree = "<group>";
		};
/* End PBXGroup section */

/* Begin PBXNativeTarget section */
		AF70326A13BE5F9C006BAEFF /* ScreenSnapshot */ = {
			isa = PBXNativeTarget;
			buildConfigurationList = AF70328913BE5F9C006BAEFF /* Build configuration list for PBXNativeTarget "ScreenSnapshot" */;
			buildPhases = (
				AF70326713BE5F9C006BAEFF /* Sources */,
				AF70326813BE5F9C006BAEFF /* Frameworks */,
				AF70326913BE5F9C006BAEFF /* Resources */,
			);
			buildRules = (
			);
			dependencies = (
			);
			name = ScreenSnapshot;
			productName = ScreenSnapshot;
			productReference = AF70326B13BE5F9C006BAEFF /* ScreenSnapshot.app */;
			productType = "com.apple.product-type.application";
		};
/* End PBXNativeTarget section */

/* Begin PBXProject section */
		AF70326213BE5F9C006BAEFF /* Project object */ = {
			isa = PBXProject;
			attributes = {
			};
			buildConfigurationList = AF70326513BE5F9C006BAEFF /* Build configuration list for PBXProject "ScreenSnapshot" */;
			compatibilityVersion = "Xcode 3.2";
			developmentRegion = English;
			hasScannedForEncodings = 0;
			knownRegions = (
				en,
			);
			mainGroup = AF70326013BE5F9C006BAEFF;
			productRefGroup = AF70326C13BE5F9C006BAEFF /* Products */;
			projectDirPath = "";
			projectRoot = "";
			targets = (
				AF70326A13BE5F9C006BAEFF /* ScreenSnapshot */,
			);
		};
/* End PBXProject section */

/* Begin PBXResourcesBuildPhase section */
		AF70326913BE5F9C006BAEFF /* Resources */ = {
			isa = PBXResourcesBuildPhase;
			buildActionMask = 2147483647;
			files = (
				076833A5194EF3FB001B99D4 /* COPYING in Resources */,
				076833BC194EF3FB001B99D4 /* x264res.rc in Resources */,
				076833A9194EF3FB001B99D4 /* threads.txt in Resources */,
				076833B9194EF3FB001B99D4 /* q_matrix_jvt.cfg in Resources */,
				0768337E194EF3FB001B99D4 /* .gitignore in Resources */,
				076833B0194EF3FB001B99D4 /* __init__.py in Resources */,
				076833A2194EF3FB001B99D4 /* config.guess in Resources */,
				AF70327A13BE5F9C006BAEFF /* InfoPlist.strings in Resources */,
				076833A4194EF3FB001B99D4 /* configure in Resources */,
				076833A3194EF3FB001B99D4 /* config.sub in Resources */,
				076833AA194EF3FB001B99D4 /* vui.txt in Resources */,
				076833A7194EF3FB001B99D4 /* regression_test.txt in Resources */,
				076833A8194EF3FB001B99D4 /* standards.txt in Resources */,
				076833BA194EF3FB001B99D4 /* test_x264.py in Resources */,
				076833B4194EF3FB001B99D4 /* errors.py in Resources */,
				076833A6194EF3FB001B99D4 /* ratecontrol.txt in Resources */,
				0768337F194EF3FB001B99D4 /* AUTHORS in Resources */,
				076833B1194EF3FB001B99D4 /* cli.py in Resources */,
				076833B8194EF3FB001B99D4 /* testing.py in Resources */,
				AF70328013BE5F9C006BAEFF /* Credits.rtf in Resources */,
				AF70328613BE5F9C006BAEFF /* MainMenu.xib in Resources */,
				076833B6194EF3FB001B99D4 /* dummy.py in Resources */,
				076833B7194EF3FB001B99D4 /* git.py in Resources */,
				076833B2194EF3FB001B99D4 /* comparers.py in Resources */,
				076833B3194EF3FB001B99D4 /* constants.py in Resources */,
				076833BB194EF3FB001B99D4 /* version.sh in Resources */,
				076833B5194EF3FB001B99D4 /* __init__.py in Resources */,
			);
			runOnlyForDeploymentPostprocessing = 0;
		};
/* End PBXResourcesBuildPhase section */

/* Begin PBXSourcesBuildPhase section */
		AF70326713BE5F9C006BAEFF /* Sources */ = {
			isa = PBXSourcesBuildPhase;
			buildActionMask = 2147483647;
			files = (
				076833AC194EF3FB001B99D4 /* Makefile in Sources */,
				AF70327C13BE5F9C006BAEFF /* main.m in Sources */,
				AF70328313BE5F9C006BAEFF /* ScreenSnapshotAppDelegate.m in Sources */,
				076832EF194EF1AA001B99D4 /* x264Manager.m in Sources */,
			);
			runOnlyForDeploymentPostprocessing = 0;
		};
/* End PBXSourcesBuildPhase section */

/* Begin PBXVariantGroup section */
		AF70327813BE5F9C006BAEFF /* InfoPlist.strings */ = {
			isa = PBXVariantGroup;
			children = (
				AF70327913BE5F9C006BAEFF /* en */,
			);
			name = InfoPlist.strings;
			sourceTree = "<group>";
		};
		AF70327E13BE5F9C006BAEFF /* Credits.rtf */ = {
			isa = PBXVariantGroup;
			children = (
				AF70327F13BE5F9C006BAEFF /* en */,
			);
			name = Credits.rtf;
			sourceTree = "<group>";
		};
		AF70328413BE5F9C006BAEFF /* MainMenu.xib */ = {
			isa = PBXVariantGroup;
			children = (
				AF70328513BE5F9C006BAEFF /* en */,
			);
			name = MainMenu.xib;
			sourceTree = "<group>";
		};
/* End PBXVariantGroup section */

/* Begin XCBuildConfiguration section */
		AF70328713BE5F9C006BAEFF /* Debug */ = {
			isa = XCBuildConfiguration;
			buildSettings = {
				ALWAYS_SEARCH_USER_PATHS = NO;
				ARCHS = "$(NATIVE_ARCH_ACTUAL)";
				COPY_PHASE_STRIP = NO;
				GCC_C_LANGUAGE_STANDARD = gnu99;
				GCC_DYNAMIC_NO_PIC = NO;
				GCC_ENABLE_OBJC_EXCEPTIONS = YES;
				GCC_OPTIMIZATION_LEVEL = 0;
				GCC_PREPROCESSOR_DEFINITIONS = (
					"DEBUG=1",
					"$(inherited)",
				);
				GCC_SYMBOLS_PRIVATE_EXTERN = NO;
				GCC_VERSION = com.apple.compilers.llvm.clang.1_0;
				GCC_WARN_64_TO_32_BIT_CONVERSION = YES;
				GCC_WARN_ABOUT_MISSING_PROTOTYPES = YES;
				GCC_WARN_ABOUT_RETURN_TYPE = YES;
				GCC_WARN_UNUSED_VARIABLE = YES;
				MACOSX_DEPLOYMENT_TARGET = 10.8;
				ONLY_ACTIVE_ARCH = YES;
				SDKROOT = macosx;
			};
			name = Debug;
		};
		AF70328813BE5F9C006BAEFF /* Release */ = {
			isa = XCBuildConfiguration;
			buildSettings = {
				ALWAYS_SEARCH_USER_PATHS = NO;
				ARCHS = "$(NATIVE_ARCH_ACTUAL)";
				COPY_PHASE_STRIP = YES;
				DEBUG_INFORMATION_FORMAT = "dwarf-with-dsym";
				GCC_C_LANGUAGE_STANDARD = gnu99;
				GCC_ENABLE_OBJC_EXCEPTIONS = YES;
				GCC_VERSION = com.apple.compilers.llvm.clang.1_0;
				GCC_WARN_64_TO_32_BIT_CONVERSION = YES;
				GCC_WARN_ABOUT_MISSING_PROTOTYPES = YES;
				GCC_WARN_ABOUT_RETURN_TYPE = YES;
				GCC_WARN_UNUSED_VARIABLE = YES;
				MACOSX_DEPLOYMENT_TARGET = 10.8;
				SDKROOT = macosx;
			};
			name = Release;
		};
		AF70328A13BE5F9C006BAEFF /* Debug */ = {
			isa = XCBuildConfiguration;
			buildSettings = {
				GCC_PRECOMPILE_PREFIX_HEADER = YES;
				GCC_PREFIX_HEADER = "ScreenSnapshot/ScreenSnapshot-Prefix.pch";
				HEADER_SEARCH_PATHS = (
					"$(inherited)",
					/Applications/Xcode.app/Contents/Developer/Toolchains/XcodeDefault.xctoolchain/usr/include,
					"$(ROOT)/x264",
				);
				INFOPLIST_FILE = "ScreenSnapshot/ScreenSnapshot-Info.plist";
				LIBRARY_SEARCH_PATHS = (
					"$(inherited)",
					"$(PROJECT_DIR)/ScreenSnapshot",
				);
				PRODUCT_NAME = "$(TARGET_NAME)";
				WRAPPER_EXTENSION = app;
			};
			name = Debug;
		};
		AF70328B13BE5F9C006BAEFF /* Release */ = {
			isa = XCBuildConfiguration;
			buildSettings = {
				GCC_PRECOMPILE_PREFIX_HEADER = YES;
				GCC_PREFIX_HEADER = "ScreenSnapshot/ScreenSnapshot-Prefix.pch";
				HEADER_SEARCH_PATHS = (
					"$(inherited)",
					/Applications/Xcode.app/Contents/Developer/Toolchains/XcodeDefault.xctoolchain/usr/include,
					"$(ROOT)/x264",
				);
				INFOPLIST_FILE = "ScreenSnapshot/ScreenSnapshot-Info.plist";
				LIBRARY_SEARCH_PATHS = (
					"$(inherited)",
					"$(PROJECT_DIR)/ScreenSnapshot",
				);
				PRODUCT_NAME = "$(TARGET_NAME)";
				WRAPPER_EXTENSION = app;
			};
			name = Release;
		};
/* End XCBuildConfiguration section */

/* Begin XCConfigurationList section */
		AF70326513BE5F9C006BAEFF /* Build configuration list for PBXProject "ScreenSnapshot" */ = {
			isa = XCConfigurationList;
			buildConfigurations = (
				AF70328713BE5F9C006BAEFF /* Debug */,
				AF70328813BE5F9C006BAEFF /* Release */,
			);
			defaultConfigurationIsVisible = 0;
			defaultConfigurationName = Release;
		};
		AF70328913BE5F9C006BAEFF /* Build configuration list for PBXNativeTarget "ScreenSnapshot" */ = {
			isa = XCConfigurationList;
			buildConfigurations = (
				AF70328A13BE5F9C006BAEFF /* Debug */,
				AF70328B13BE5F9C006BAEFF /* Release */,
			);
			defaultConfigurationIsVisible = 0;
			defaultConfigurationName = Release;
		};
/* End XCConfigurationList section */
	};
	rootObject = AF70326213BE5F9C006BAEFF /* Project object */;
}
